{
  "name": "keybase-proofs",
  "version": "2.1.68",
  "lockfileVersion": 1,
  "requires": true,
  "dependencies": {
    "base32.js": {
      "version": "0.1.0",
      "resolved": "https://registry.npmjs.org/base32.js/-/base32.js-0.1.0.tgz",
      "integrity": "sha1-tYLexpPC8R6JPPBk7mrFthMaIgI="
    },
    "bech32": {
      "version": "1.1.3",
      "resolved": "https://registry.npmjs.org/bech32/-/bech32-1.1.3.tgz",
      "integrity": "sha512-yuVFUvrNcoJi0sv5phmqc6P+Fl1HjRDRNOOkHY2X/3LBy2bIGNSFx4fZ95HMaXHupuS7cZR15AsvtmCIF4UEyg=="
    },
    "bitcoyne": {
      "version": "1.0.5",
      "resolved": "https://registry.npmjs.org/bitcoyne/-/bitcoyne-1.0.5.tgz",
      "integrity": "sha512-MHw3hPYItejo2bg1V3lioQIs3Zs8zuKVvd9oriLhT9iuTj11kGuP/UcdJguh8O8QP0DSPD/FBydXcjSt7nZ6zQ==",
      "requires": {
        "base32.js": "^0.1.0",
        "bech32": "^1.1.3",
        "iced-error": "^0.0.9",
        "iced-runtime": "^1.0.2",
        "kbpgp": "^2.0.0",
        "pgp-utils": "^0.0.30"
      },
      "dependencies": {
        "iced-error": {
          "version": "0.0.9",
          "resolved": "https://registry.npmjs.org/iced-error/-/iced-error-0.0.9.tgz",
          "integrity": "sha1-x8MFdhTAoYfZaz0YxtUg5rhy7Tc="
        },
        "pgp-utils": {
          "version": "0.0.30",
          "resolved": "https://registry.npmjs.org/pgp-utils/-/pgp-utils-0.0.30.tgz",
          "integrity": "sha1-B+dCLXoS+WzSkaH+sJrE9lewCJE=",
          "requires": {
            "iced-error": ">=0.0.8",
            "iced-runtime": ">=0.0.1"
          }
        }
      }
    },
    "bn": {
      "version": "1.0.1",
      "resolved": "https://registry.npmjs.org/bn/-/bn-1.0.1.tgz",
      "integrity": "sha1-oVOCXmsessLbdyYUmwR6B84KO7M="
    },
    "bzip-deflate": {
      "version": "1.0.0",
      "resolved": "https://registry.npmjs.org/bzip-deflate/-/bzip-deflate-1.0.0.tgz",
      "integrity": "sha1-sC2wB+83vrzCk4Skssb08PTHlsk="
    },
    "colors": {
      "version": "1.3.0",
      "resolved": "https://registry.npmjs.org/colors/-/colors-1.3.0.tgz",
      "integrity": "sha512-EDpX3a7wHMWFA7PUHWPHNWqOxIIRSJetuwl0AS5Oi/5FMV8kWm69RTlgm00GKjBO1xFHMtBbL49yRtMMdticBw==",
      "dev": true
    },
    "deep-equal": {
      "version": "1.0.1",
      "resolved": "https://registry.npmjs.org/deep-equal/-/deep-equal-1.0.1.tgz",
      "integrity": "sha1-9dJgKStmDghO/0zbyfCK0yR0SLU="
    },
    "iced-coffee-script": {
      "version": "108.0.11",
      "resolved": "https://registry.npmjs.org/iced-coffee-script/-/iced-coffee-script-108.0.11.tgz",
      "integrity": "sha1-HXH/k8kElyimRoOFqpvIkf10xY8=",
      "dev": true,
      "requires": {
        "iced-runtime": ">=0.0.1"
      }
    },
    "iced-error": {
      "version": "0.0.12",
      "resolved": "https://registry.npmjs.org/iced-error/-/iced-error-0.0.12.tgz",
      "integrity": "sha1-4KhhRigXzwzpdLE/ymEtOg1dEL4="
    },
    "iced-lock": {
      "version": "1.1.0",
      "resolved": "https://registry.npmjs.org/iced-lock/-/iced-lock-1.1.0.tgz",
      "integrity": "sha1-YRbvHKs6zW5rEIk7snumIv0/3nI=",
      "requires": {
        "iced-runtime": "^1.0.0"
      }
    },
    "iced-runtime": {
      "version": "1.0.3",
      "resolved": "https://registry.npmjs.org/iced-runtime/-/iced-runtime-1.0.3.tgz",
      "integrity": "sha1-LU9PuZmreqVDCxk8d6f85BGDGc4="
    },
    "iced-test": {
      "version": "0.0.22",
      "resolved": "https://registry.npmjs.org/iced-test/-/iced-test-0.0.22.tgz",
      "integrity": "sha1-YecUn0Q/5ch/9ALLwiFKQtVYrys=",
      "dev": true,
      "requires": {
        "colors": ">=0.6.2",
        "deep-equal": ">=0.2.1",
        "iced-runtime": ">=0.0.1",
        "minimist": ">=0.0.8"
      }
    },
    "ip-address": {
      "version": "5.9.0",
      "resolved": "https://registry.npmjs.org/ip-address/-/ip-address-5.9.0.tgz",
      "integrity": "sha512-+4yKpEyent8IpjuDQVkIpzIDbxSlCHTPdmaXCRLH0ttt3YsrbNxuZJ6h+1wLPx10T7gWsLN7M6BXIHV2vZNOGw==",
      "requires": {
        "jsbn": "1.1.0",
        "lodash.find": "^4.6.0",
        "lodash.max": "^4.0.1",
        "lodash.merge": "^4.6.1",
        "lodash.padstart": "^4.6.1",
        "lodash.repeat": "^4.1.0",
        "sprintf-js": "1.1.1"
      }
    },
    "jsbn": {
      "version": "1.1.0",
      "resolved": "https://registry.npmjs.org/jsbn/-/jsbn-1.1.0.tgz",
      "integrity": "sha1-sBMHyym2GKHtJux56RH4A8TaAEA="
    },
    "kbpgp": {
      "version": "2.0.77",
      "resolved": "https://registry.npmjs.org/kbpgp/-/kbpgp-2.0.77.tgz",
      "integrity": "sha1-bp0vV5hb6VlsXqbJ5aODM/MasZk=",
      "requires": {
        "bn": "^1.0.0",
        "bzip-deflate": "^1.0.0",
        "deep-equal": ">=0.2.1",
        "iced-error": ">=0.0.10",
        "iced-lock": "^1.0.2",
        "iced-runtime": "^1.0.3",
        "keybase-ecurve": "^1.0.0",
        "keybase-nacl": "^1.0.0",
        "minimist": "^1.2.0",
        "pgp-utils": ">=0.0.34",
        "purepack": ">=1.0.4",
        "triplesec": ">=3.0.19",
        "tweetnacl": "^0.13.1"
      }
    },
    "keybase-ecurve": {
      "version": "1.0.0",
      "resolved": "https://registry.npmjs.org/keybase-ecurve/-/keybase-ecurve-1.0.0.tgz",
      "integrity": "sha1-xrxyrdpGA/0xhP7n6ZaU7Y/WmtI=",
      "requires": {
        "bn": "^1.0.0"
      }
    },
    "keybase-nacl": {
      "version": "1.0.10",
      "resolved": "https://registry.npmjs.org/keybase-nacl/-/keybase-nacl-1.0.10.tgz",
      "integrity": "sha1-OGWDHpSBUWSI33y9mJRn6VDYeos=",
      "requires": {
        "iced-runtime": "^1.0.2",
        "tweetnacl": "^0.13.1",
        "uint64be": "^1.0.1"
      }
    },
    "lodash.find": {
      "version": "4.6.0",
      "resolved": "https://registry.npmjs.org/lodash.find/-/lodash.find-4.6.0.tgz",
      "integrity": "sha1-ywcE1Hq3F4n/oN6Ll92Sb7iLE7E="
    },
    "lodash.max": {
      "version": "4.0.1",
      "resolved": "https://registry.npmjs.org/lodash.max/-/lodash.max-4.0.1.tgz",
      "integrity": "sha1-hzVWbGGLNan3YFILSHrnllivE2o="
    },
    "lodash.merge": {
      "version": "4.6.1",
      "resolved": "https://registry.npmjs.org/lodash.merge/-/lodash.merge-4.6.1.tgz",
      "integrity": "sha512-AOYza4+Hf5z1/0Hztxpm2/xiPZgi/cjMqdnKTUWTBSKchJlxXXuUSxCCl8rJlf4g6yww/j6mA8nC8Hw/EZWxKQ=="
    },
    "lodash.padstart": {
      "version": "4.6.1",
      "resolved": "https://registry.npmjs.org/lodash.padstart/-/lodash.padstart-4.6.1.tgz",
      "integrity": "sha1-0uPuv/DZ05rVD1y9G1KnvOa7YRs="
    },
    "lodash.repeat": {
      "version": "4.1.0",
      "resolved": "https://registry.npmjs.org/lodash.repeat/-/lodash.repeat-4.1.0.tgz",
      "integrity": "sha1-/H3oEx2MisB+S0n3T/6CnR8r7EQ="
    },
    "minimist": {
      "version": "1.2.0",
      "resolved": "https://registry.npmjs.org/minimist/-/minimist-1.2.0.tgz",
      "integrity": "sha1-o1AIsg9BOD7sH7kU9M1d95omQoQ="
    },
    "more-entropy": {
      "version": "0.0.7",
      "resolved": "https://registry.npmjs.org/more-entropy/-/more-entropy-0.0.7.tgz",
      "integrity": "sha1-Z7/G96hvJvvDeqyD/UbYjGHRCbU=",
      "requires": {
        "iced-runtime": ">=0.0.1"
      }
    },
    "pgp-utils": {
      "version": "0.0.34",
      "resolved": "https://registry.npmjs.org/pgp-utils/-/pgp-utils-0.0.34.tgz",
      "integrity": "sha1-2E9J98GTteC5QV9cxcKmle15DCM=",
      "requires": {
        "iced-error": ">=0.0.8",
        "iced-runtime": ">=0.0.1"
      }
    },
    "progress": {
      "version": "1.1.8",
      "resolved": "https://registry.npmjs.org/progress/-/progress-1.1.8.tgz",
      "integrity": "sha1-4mDHj2Fhzdmw5WzD4Khd4Xx6V74="
    },
    "purepack": {
      "version": "1.0.4",
      "resolved": "https://registry.npmjs.org/purepack/-/purepack-1.0.4.tgz",
      "integrity": "sha1-CGKC/ZOShfWGZLqam7oxzbFlzNI="
    },
    "sprintf-js": {
      "version": "1.1.1",
      "resolved": "https://registry.npmjs.org/sprintf-js/-/sprintf-js-1.1.1.tgz",
      "integrity": "sha1-Nr54Mgr+WAH2zqPueLblqrlA6gw="
    },
    "triplesec": {
      "version": "3.0.26",
      "resolved": "https://registry.npmjs.org/triplesec/-/triplesec-3.0.26.tgz",
      "integrity": "sha1-3/K7R1ikIzcuc5o5fYmR8Fl9CsE=",
      "requires": {
        "iced-error": ">=0.0.9",
        "iced-lock": "^1.0.1",
        "iced-runtime": "^1.0.2",
        "more-entropy": ">=0.0.7",
        "progress": "~1.1.2"
      }
    },
    "tweetnacl": {
      "version": "0.13.3",
      "resolved": "https://registry.npmjs.org/tweetnacl/-/tweetnacl-0.13.3.tgz",
      "integrity": "sha1-1ii1bzvMPVrnS6nUwacE3vWrS1Y="
    },
    "uint64be": {
      "version": "1.0.1",
      "resolved": "https://registry.npmjs.org/uint64be/-/uint64be-1.0.1.tgz",
      "integrity": "sha1-H3FUIC8qG4rzU4cd2mUb80zpPpU="
    }
  }
}
