{
  "name": "keybase-proofs",
  "version": "2.3.24",
  "lockfileVersion": 1,
  "requires": true,
  "dependencies": {
    "base32.js": {
      "version": "0.1.0",
      "resolved": "https://registry.npmjs.org/base32.js/-/base32.js-0.1.0.tgz",
      "integrity": "sha1-tYLexpPC8R6JPPBk7mrFthMaIgI="
    },
    "bech32": {
      "version": "1.1.3",
      "resolved": "https://registry.npmjs.org/bech32/-/bech32-1.1.3.tgz",
      "integrity": "sha512-yuVFUvrNcoJi0sv5phmqc6P+Fl1HjRDRNOOkHY2X/3LBy2bIGNSFx4fZ95HMaXHupuS7cZR15AsvtmCIF4UEyg=="
    },
    "bitcoyne": {
      "version": "1.0.5",
      "resolved": "https://registry.npmjs.org/bitcoyne/-/bitcoyne-1.0.5.tgz",
      "integrity": "sha512-MHw3hPYItejo2bg1V3lioQIs3Zs8zuKVvd9oriLhT9iuTj11kGuP/UcdJguh8O8QP0DSPD/FBydXcjSt7nZ6zQ==",
      "requires": {
        "base32.js": "^0.1.0",
        "bech32": "^1.1.3",
        "iced-error": "^0.0.9",
        "iced-runtime": "^1.0.2",
        "kbpgp": "^2.0.0",
        "pgp-utils": "^0.0.30"
      },
      "dependencies": {
        "iced-error": {
          "version": "0.0.9",
          "resolved": "https://registry.npmjs.org/iced-error/-/iced-error-0.0.9.tgz",
          "integrity": "sha1-x8MFdhTAoYfZaz0YxtUg5rhy7Tc="
        },
        "pgp-utils": {
          "version": "0.0.30",
          "resolved": "https://registry.npmjs.org/pgp-utils/-/pgp-utils-0.0.30.tgz",
          "integrity": "sha1-B+dCLXoS+WzSkaH+sJrE9lewCJE=",
          "requires": {
            "iced-error": ">=0.0.8",
            "iced-runtime": ">=0.0.1"
          }
        }
      }
    },
    "bn": {
      "version": "1.0.5",
      "resolved": "https://registry.npmjs.org/bn/-/bn-1.0.5.tgz",
      "integrity": "sha512-7TvGbqbZb6lDzsBtNz1VkdXXV0BVmZKPPViPmo2IpvwaryF7P+QKYKACyVkwo2mZPr2CpFiz7EtgPEcc3o/JFQ=="
    },
    "bzip-deflate": {
      "version": "1.0.0",
      "resolved": "https://registry.npmjs.org/bzip-deflate/-/bzip-deflate-1.0.0.tgz",
      "integrity": "sha512-9RMnpiJqMYMJcLdr4pxwowZ8Zh3P+tVswE/bnX6tZ14UGKNcdV5WVK2P+lGp2As+RCjl+i3SFJ117HyCaaHNDA=="
    },
    "call-bind": {
      "version": "1.0.2",
      "resolved": "https://registry.npmjs.org/call-bind/-/call-bind-1.0.2.tgz",
      "integrity": "sha512-7O+FbCihrB5WGbFYesctwmTKae6rOiIzmz1icreWJ+0aA7LJfuqhEso2T9ncpcFtzMQtzXf2QGGueWJGTYsqrA==",
      "requires": {
        "function-bind": "^1.1.1",
        "get-intrinsic": "^1.0.2"
      }
    },
    "colors": {
      "version": "1.3.0",
      "resolved": "https://registry.npmjs.org/colors/-/colors-1.3.0.tgz",
      "integrity": "sha512-EDpX3a7wHMWFA7PUHWPHNWqOxIIRSJetuwl0AS5Oi/5FMV8kWm69RTlgm00GKjBO1xFHMtBbL49yRtMMdticBw==",
      "dev": true
    },
    "deep-equal": {
      "version": "1.0.1",
      "resolved": "https://registry.npmjs.org/deep-equal/-/deep-equal-1.0.1.tgz",
      "integrity": "sha1-9dJgKStmDghO/0zbyfCK0yR0SLU=",
      "dev": true
    },
    "define-properties": {
      "version": "1.2.0",
      "resolved": "https://registry.npmjs.org/define-properties/-/define-properties-1.2.0.tgz",
      "integrity": "sha512-xvqAVKGfT1+UAvPwKTVw/njhdQ8ZhXK4lI0bCIuCMrp2up9nPnaDftrLtmpTazqd1o+UY4zgzU+avtMbDP+ldA==",
      "requires": {
        "has-property-descriptors": "^1.0.0",
        "object-keys": "^1.1.1"
      }
    },
    "function-bind": {
      "version": "1.1.1",
      "resolved": "https://registry.npmjs.org/function-bind/-/function-bind-1.1.1.tgz",
      "integrity": "sha512-yIovAzMX49sF8Yl58fSCWJ5svSLuaibPxXQJFLmBObTuCr0Mf1KiPopGM9NiFjiYBCbfaa2Fh6breQ6ANVTI0A=="
    },
    "functions-have-names": {
      "version": "1.2.3",
      "resolved": "https://registry.npmjs.org/functions-have-names/-/functions-have-names-1.2.3.tgz",
      "integrity": "sha512-xckBUXyTIqT97tq2x2AMb+g163b5JFysYk0x4qxNFwbfQkmNZoiRHb6sPzI9/QV33WeuvVYBUIiD4NzNIyqaRQ=="
    },
    "get-intrinsic": {
      "version": "1.2.0",
      "resolved": "https://registry.npmjs.org/get-intrinsic/-/get-intrinsic-1.2.0.tgz",
      "integrity": "sha512-L049y6nFOuom5wGyRc3/gdTLO94dySVKRACj1RmJZBQXlbTMhtNIgkWkUHq+jYmZvKf14EW1EoJnnjbmoHij0Q==",
      "requires": {
        "function-bind": "^1.1.1",
        "has": "^1.0.3",
        "has-symbols": "^1.0.3"
      }
    },
    "has": {
      "version": "1.0.3",
      "resolved": "https://registry.npmjs.org/has/-/has-1.0.3.tgz",
      "integrity": "sha512-f2dvO0VU6Oej7RkWJGrehjbzMAjFp5/VKPp5tTpWIV4JHHZK1/BxbFRtf/siA2SWTe09caDmVtYYzWEIbBS4zw==",
      "requires": {
        "function-bind": "^1.1.1"
      }
    },
    "has-property-descriptors": {
      "version": "1.0.0",
      "resolved": "https://registry.npmjs.org/has-property-descriptors/-/has-property-descriptors-1.0.0.tgz",
      "integrity": "sha512-62DVLZGoiEBDHQyqG4w9xCuZ7eJEwNmJRWw2VY84Oedb7WFcA27fiEVe8oUQx9hAUJ4ekurquucTGwsyO1XGdQ==",
      "requires": {
        "get-intrinsic": "^1.1.1"
      }
    },
    "has-symbols": {
      "version": "1.0.3",
      "resolved": "https://registry.npmjs.org/has-symbols/-/has-symbols-1.0.3.tgz",
      "integrity": "sha512-l3LCuF6MgDNwTDKkdYGEihYjt5pRPbEg46rtlmnSPlUbgmB8LOIrKJbYYFBSbnPaJexMKtiPO8hmeRjRz2Td+A=="
    },
    "has-tostringtag": {
      "version": "1.0.0",
      "resolved": "https://registry.npmjs.org/has-tostringtag/-/has-tostringtag-1.0.0.tgz",
      "integrity": "sha512-kFjcSNhnlGV1kyoGk7OXKSawH5JOb/LzUc5w9B02hOTO0dfFRjbHQKvg1d6cf3HbeUmtU9VbbV3qzZ2Teh97WQ==",
      "requires": {
        "has-symbols": "^1.0.2"
      }
    },
    "iced-coffee-script": {
      "version": "108.0.11",
      "resolved": "https://registry.npmjs.org/iced-coffee-script/-/iced-coffee-script-108.0.11.tgz",
      "integrity": "sha1-HXH/k8kElyimRoOFqpvIkf10xY8=",
      "dev": true,
      "requires": {
        "iced-runtime": ">=0.0.1"
      }
    },
    "iced-error": {
      "version": "0.0.12",
      "resolved": "https://registry.npmjs.org/iced-error/-/iced-error-0.0.12.tgz",
      "integrity": "sha1-4KhhRigXzwzpdLE/ymEtOg1dEL4="
    },
    "iced-lock": {
      "version": "1.1.0",
      "resolved": "https://registry.npmjs.org/iced-lock/-/iced-lock-1.1.0.tgz",
      "integrity": "sha1-YRbvHKs6zW5rEIk7snumIv0/3nI=",
      "requires": {
        "iced-runtime": "^1.0.0"
      }
    },
    "iced-runtime": {
      "version": "1.0.3",
      "resolved": "https://registry.npmjs.org/iced-runtime/-/iced-runtime-1.0.3.tgz",
      "integrity": "sha1-LU9PuZmreqVDCxk8d6f85BGDGc4="
    },
    "iced-test": {
      "version": "0.0.22",
      "resolved": "https://registry.npmjs.org/iced-test/-/iced-test-0.0.22.tgz",
      "integrity": "sha1-YecUn0Q/5ch/9ALLwiFKQtVYrys=",
      "dev": true,
      "requires": {
        "colors": ">=0.6.2",
        "deep-equal": ">=0.2.1",
        "iced-runtime": ">=0.0.1",
        "minimist": ">=0.0.8"
      }
    },
    "is-arguments": {
      "version": "1.1.1",
      "resolved": "https://registry.npmjs.org/is-arguments/-/is-arguments-1.1.1.tgz",
      "integrity": "sha512-8Q7EARjzEnKpt/PCD7e1cgUS0a6X8u5tdSiMqXhojOdoV9TsMsiO+9VLC5vAmO8N7/GmXn7yjR8qnA6bVAEzfA==",
      "requires": {
        "call-bind": "^1.0.2",
        "has-tostringtag": "^1.0.0"
      }
    },
    "is-date-object": {
      "version": "1.0.5",
      "resolved": "https://registry.npmjs.org/is-date-object/-/is-date-object-1.0.5.tgz",
      "integrity": "sha512-9YQaSxsAiSwcvS33MBk3wTCVnWK+HhF8VZR2jRxehM16QcVOdHqPn4VPHmRK4lSr38n9JriurInLcP90xsYNfQ==",
      "requires": {
        "has-tostringtag": "^1.0.0"
      }
    },
    "is-regex": {
      "version": "1.1.4",
      "resolved": "https://registry.npmjs.org/is-regex/-/is-regex-1.1.4.tgz",
      "integrity": "sha512-kvRdxDsxZjhzUX07ZnLydzS1TU/TJlTUHHY4YLL87e37oUA49DfkLqgy+VjFocowy29cKvcSiu+kIv728jTTVg==",
      "requires": {
        "call-bind": "^1.0.2",
        "has-tostringtag": "^1.0.0"
      }
    },
    "kbpgp": {
      "version": "2.1.15",
      "resolved": "https://registry.npmjs.org/kbpgp/-/kbpgp-2.1.15.tgz",
      "integrity": "sha512-iFdQT+m2Mi2DB14kEFydF2joNe9x3E2VZCGZUt7UXsiZnQx5TtSl4KofP7EPtjHvf7weCxNKlEPSYiiCNMZ2jA==",
      "requires": {
        "bn": "^1.0.5",
        "bzip-deflate": "^1.0.0",
        "deep-equal": "^1.1.0",
        "iced-error": "0.0.13",
        "iced-lock": "^1.0.2",
        "iced-runtime": "^1.0.4",
        "keybase-ecurve": "^1.0.1",
        "keybase-nacl": "^1.1.2",
        "minimist": "^1.2.0",
        "pgp-utils": "0.0.35",
        "purepack": "^1.0.5",
        "triplesec": "^4.0.3",
        "tweetnacl": "^0.13.1"
      },
      "dependencies": {
        "deep-equal": {
          "version": "1.1.1",
          "resolved": "https://registry.npmjs.org/deep-equal/-/deep-equal-1.1.1.tgz",
          "integrity": "sha512-yd9c5AdiqVcR+JjcwUQb9DkhJc8ngNr0MahEBGvDiJw8puWab2yZlh+nkasOnZP+EGTAP6rRp2JzJhJZzvNF8g==",
          "requires": {
            "is-arguments": "^1.0.4",
            "is-date-object": "^1.0.1",
            "is-regex": "^1.0.4",
            "object-is": "^1.0.1",
            "object-keys": "^1.1.1",
            "regexp.prototype.flags": "^1.2.0"
          }
        },
        "iced-error": {
          "version": "0.0.13",
          "resolved": "https://registry.npmjs.org/iced-error/-/iced-error-0.0.13.tgz",
          "integrity": "sha512-yEEaG8QfyyRL0SsbNNDw3rVgTyqwHFMCuV6jDvD43f/2shmdaFXkqvFLGhDlsYNSolzYHwVLM/CrXt9GygYopA=="
        },
        "iced-runtime": {
          "version": "1.0.4",
          "resolved": "https://registry.npmjs.org/iced-runtime/-/iced-runtime-1.0.4.tgz",
          "integrity": "sha512-rgiJXNF6ZgF2Clh/TKUlBDW3q51YPDJUXmxGQXx1b8tbZpVpTn+1RX9q1sjNkujXIIaVxZByQzPHHORg7KV51g=="
        },
        "pgp-utils": {
          "version": "0.0.35",
          "resolved": "https://registry.npmjs.org/pgp-utils/-/pgp-utils-0.0.35.tgz",
          "integrity": "sha512-gCT6EbSTgljgycVa5qGpfRITaLOLbIKsEVRTdsNRgmLMAJpuJNNdrTn/95r8IWo9rFLlccfmGMJXkG9nVDwmrA==",
          "requires": {
            "iced-error": ">=0.0.8",
            "iced-runtime": ">=0.0.1"
          }
        },
        "purepack": {
          "version": "1.0.6",
          "resolved": "https://registry.npmjs.org/purepack/-/purepack-1.0.6.tgz",
          "integrity": "sha512-L/e3qq/3m/TrYtINo2aBB98oz6w8VHGyFy+arSKwPMZDUNNw2OaQxYnZO6UIZZw2OnRl2qkxGmuSOEfsuHXJdA=="
        },
        "triplesec": {
          "version": "4.0.3",
          "resolved": "https://registry.npmjs.org/triplesec/-/triplesec-4.0.3.tgz",
          "integrity": "sha512-fug70e1nJoCMxsXQJlETisAALohm84vl++IiTTHEqM7Lgqwz62jrlwqOC/gJEAJjO/ByN127sEcioB56HW3wIw==",
          "requires": {
            "iced-error": ">=0.0.9",
            "iced-lock": "^1.0.1",
            "iced-runtime": "^1.0.2",
            "more-entropy": ">=0.0.7",
            "progress": "~1.1.2",
            "uglify-js": "^3.1.9"
          }
        }
      }
    },
    "keybase-ecurve": {
      "version": "1.0.1",
      "resolved": "https://registry.npmjs.org/keybase-ecurve/-/keybase-ecurve-1.0.1.tgz",
      "integrity": "sha512-2GlVxDsNF+52LtYjgFsjoKuN7MQQgiVeR4HRdJxLuN8fm4mf4stGKPUjDJjky15c/98UsZseLjp7Ih5X0Sy1jQ==",
      "requires": {
        "bn": "^1.0.4"
      }
    },
    "keybase-nacl": {
      "version": "1.1.4",
      "resolved": "https://registry.npmjs.org/keybase-nacl/-/keybase-nacl-1.1.4.tgz",
      "integrity": "sha512-7TFyWLq42CQs7JES9arR+Vnv/eMk5D6JT1Y8samrEA5ff3FOmaiRcXIVrwJQd3KJduxmSjgAjdkXlQK7Q437xQ==",
      "requires": {
        "iced-runtime": "^1.0.2",
        "tweetnacl": "^0.13.1",
        "uint64be": "^1.0.1"
      }
    },
    "minimist": {
      "version": "1.2.8",
      "resolved": "https://registry.npmjs.org/minimist/-/minimist-1.2.8.tgz",
      "integrity": "sha512-2yyAR8qBkN3YuheJanUpWC5U3bb5osDywNB8RzDVlDwDHbocAJveqqj1u8+SVD7jkWT4yvsHCpWqqWqAxb0zCA=="
    },
    "more-entropy": {
      "version": "0.0.7",
      "resolved": "https://registry.npmjs.org/more-entropy/-/more-entropy-0.0.7.tgz",
      "integrity": "sha1-Z7/G96hvJvvDeqyD/UbYjGHRCbU=",
      "requires": {
        "iced-runtime": ">=0.0.1"
      }
    },
    "object-is": {
      "version": "1.1.5",
      "resolved": "https://registry.npmjs.org/object-is/-/object-is-1.1.5.tgz",
      "integrity": "sha512-3cyDsyHgtmi7I7DfSSI2LDp6SK2lwvtbg0p0R1e0RvTqF5ceGx+K2dfSjm1bKDMVCFEDAQvy+o8c6a7VujOddw==",
      "requires": {
        "call-bind": "^1.0.2",
        "define-properties": "^1.1.3"
      }
    },
    "object-keys": {
      "version": "1.1.1",
      "resolved": "https://registry.npmjs.org/object-keys/-/object-keys-1.1.1.tgz",
      "integrity": "sha512-NuAESUOUMrlIXOfHKzD6bpPu3tYt3xvjNdRIQ+FeT0lNb4K8WR70CaDxhuNguS2XG+GjkyMwOzsN5ZktImfhLA=="
    },
    "pgp-utils": {
      "version": "0.0.34",
      "resolved": "https://registry.npmjs.org/pgp-utils/-/pgp-utils-0.0.34.tgz",
      "integrity": "sha1-2E9J98GTteC5QV9cxcKmle15DCM=",
      "requires": {
        "iced-error": ">=0.0.8",
        "iced-runtime": ">=0.0.1"
      }
    },
    "progress": {
      "version": "1.1.8",
      "resolved": "https://registry.npmjs.org/progress/-/progress-1.1.8.tgz",
      "integrity": "sha1-4mDHj2Fhzdmw5WzD4Khd4Xx6V74="
    },
    "purepack": {
      "version": "1.0.4",
      "resolved": "https://registry.npmjs.org/purepack/-/purepack-1.0.4.tgz",
      "integrity": "sha1-CGKC/ZOShfWGZLqam7oxzbFlzNI="
    },
    "regexp.prototype.flags": {
      "version": "1.4.3",
      "resolved": "https://registry.npmjs.org/regexp.prototype.flags/-/regexp.prototype.flags-1.4.3.tgz",
      "integrity": "sha512-fjggEOO3slI6Wvgjwflkc4NFRCTZAu5CnNfBd5qOMYhWdn67nJBBu34/TkD++eeFmd8C9r9jfXJ27+nSiRkSUA==",
      "requires": {
        "call-bind": "^1.0.2",
        "define-properties": "^1.1.3",
        "functions-have-names": "^1.2.2"
      }
    },
    "triplesec": {
      "version": "3.0.26",
      "resolved": "https://registry.npmjs.org/triplesec/-/triplesec-3.0.26.tgz",
      "integrity": "sha1-3/K7R1ikIzcuc5o5fYmR8Fl9CsE=",
      "requires": {
        "iced-error": ">=0.0.9",
        "iced-lock": "^1.0.1",
        "iced-runtime": "^1.0.2",
        "more-entropy": ">=0.0.7",
        "progress": "~1.1.2"
      }
    },
    "tweetnacl": {
      "version": "0.13.3",
      "resolved": "https://registry.npmjs.org/tweetnacl/-/tweetnacl-0.13.3.tgz",
      "integrity": "sha512-iNWodk4oBsZ03Qfw/Yvv0KB90uYrJqvL4Je7Gy4C5t/GS3sCXPRmIT1lxmId4RzvUp0XG62bcxJ2CBu/3L5DSg=="
    },
    "uglify-js": {
      "version": "3.17.4",
      "resolved": "https://registry.npmjs.org/uglify-js/-/uglify-js-3.17.4.tgz",
      "integrity": "sha512-T9q82TJI9e/C1TAxYvfb16xO120tMVFZrGA3f9/P4424DNu6ypK103y0GPFVa17yotwSyZW5iYXgjYHkGrJW/g=="
    },
    "uint64be": {
      "version": "1.0.1",
      "resolved": "https://registry.npmjs.org/uint64be/-/uint64be-1.0.1.tgz",
      "integrity": "sha512-w+VZSp8hSZ/xWZfZNMppWNF6iqY+dcMYtG5CpwRDgxi94HIE6ematSdkzHGzVC4SDEaTsG65zrajN+oKoWG6ew=="
    }
  }
}
